
Microsoft Visual Studio Solution File, Format Version 12.00
# Visual Studio Version 16
VisualStudioVersion = 16.0.32228.343
MinimumVisualStudioVersion = 10.0.40219.1
Project("{FAE04EC0-301F-11D3-BF4B-00C04F79EFBC}") = "ghjvsvhjd", "ghjvsvhjd\ghjvsvhjd.csproj", "{8AFEE0AA-AED5-47A3-A81C-F32667D39CD1}"
EndProject
Global
	GlobalSection(SolutionConfigurationPlatforms) = preSolution
		Debug|Any CPU = Debug|Any CPU
		Release|Any CPU = Release|Any CPU
	EndGlobalSection
	GlobalSection(ProjectConfigurationPlatforms) = postSolution
		{8AFEE0AA-AED5-47A3-A81C-F32667D39CD1}.Debug|Any CPU.ActiveCfg = Debug|Any CPU
		{8AFEE0AA-AED5-47A3-A81C-F32667D39CD1}.Debug|Any CPU.Build.0 = Debug|Any CPU
		{8AFEE0AA-AED5-47A3-A81C-F32667D39CD1}.Release|Any CPU.ActiveCfg = Release|Any CPU
		{8AFEE0AA-AED5-47A3-A81C-F32667D39CD1}.Release|Any CPU.Build.0 = Release|Any CPU
	EndGlobalSection
	GlobalSection(SolutionProperties) = preSolution
		HideSolutionNode = FALSE
	EndGlobalSection
	GlobalSection(ExtensibilityGlobals) = postSolution
		SolutionGuid = {CF596FBE-F686-4423-924B-2C5AE9448E31}
	EndGlobalSection
EndGlobal
